// !$*UTF8*$!
{
	archiveVersion = 1;
	classes = {
	};
	objectVersion = 56;
	objects = {

/* Begin PBXBuildFile section */
		7800CC032BED5DCC00C80ED9 /* LocalNotification.swift in Sources */ = {isa = PBXBuildFile; fileRef = 7800CC022BED5DCC00C80ED9 /* LocalNotification.swift */; };
		7800CC0A2BF4069D00C80ED9 /* ContentView-ViewModel.swift in Sources */ = {isa = PBXBuildFile; fileRef = 7800CC092BF4069D00C80ED9 /* ContentView-ViewModel.swift */; };
		7856ED5F2BE5730A00F63C49 /* AddTaskView.swift in Sources */ = {isa = PBXBuildFile; fileRef = 7856ED5E2BE5730A00F63C49 /* AddTaskView.swift */; };
		785DD7432C1E0BEE00E21F7A /* ToDoTests.swift in Sources */ = {isa = PBXBuildFile; fileRef = 785DD7422C1E0BEE00E21F7A /* ToDoTests.swift */; };
		785DD74C2C1E10EE00E21F7A /* MockContainer.swift in Sources */ = {isa = PBXBuildFile; fileRef = 785DD74B2C1E10EE00E21F7A /* MockContainer.swift */; };
		785DD74D2C1E117C00E21F7A /* Task.swift in Sources */ = {isa = PBXBuildFile; fileRef = 78868FD72BE449050054D378 /* Task.swift */; };
		785DD7572C1E47B000E21F7A /* ToDoUITestsLaunchTests.swift in Sources */ = {isa = PBXBuildFile; fileRef = 785DD7562C1E47B000E21F7A /* ToDoUITestsLaunchTests.swift */; };
		785DD7602C1E4DE800E21F7A /* ContentViewUITests.swift in Sources */ = {isa = PBXBuildFile; fileRef = 785DD75F2C1E4DE800E21F7A /* ContentViewUITests.swift */; };
		785F3C252C0223AA00DFBF10 /* TaskDetailView-ViewModel.swift in Sources */ = {isa = PBXBuildFile; fileRef = 785F3C242C0223AA00DFBF10 /* TaskDetailView-ViewModel.swift */; };
		786A48772BE7D8070077E349 /* TaskDetailView.swift in Sources */ = {isa = PBXBuildFile; fileRef = 786A48762BE7D8070077E349 /* TaskDetailView.swift */; };
		78868FC82BE43FDE0054D378 /* ToDoApp.swift in Sources */ = {isa = PBXBuildFile; fileRef = 78868FC72BE43FDE0054D378 /* ToDoApp.swift */; };
		78868FCA2BE43FDE0054D378 /* ContentView.swift in Sources */ = {isa = PBXBuildFile; fileRef = 78868FC92BE43FDE0054D378 /* ContentView.swift */; };
		78868FCC2BE43FDF0054D378 /* Assets.xcassets in Resources */ = {isa = PBXBuildFile; fileRef = 78868FCB2BE43FDF0054D378 /* Assets.xcassets */; };
		78868FCF2BE43FDF0054D378 /* Preview Assets.xcassets in Resources */ = {isa = PBXBuildFile; fileRef = 78868FCE2BE43FDF0054D378 /* Preview Assets.xcassets */; };
		78868FD82BE449050054D378 /* Task.swift in Sources */ = {isa = PBXBuildFile; fileRef = 78868FD72BE449050054D378 /* Task.swift */; };
		78B20E6B2C12412E00A5AB4C /* CalendarOverlayView.swift in Sources */ = {isa = PBXBuildFile; fileRef = 78B20E6A2C12412E00A5AB4C /* CalendarOverlayView.swift */; };
		78B20E6D2C12460600A5AB4C /* CalendarOverlayView-ViewModel.swift in Sources */ = {isa = PBXBuildFile; fileRef = 78B20E6C2C12460600A5AB4C /* CalendarOverlayView-ViewModel.swift */; };
		78B95F672C2EF5BD00FD733F /* AddTaskViewUITests.swift in Sources */ = {isa = PBXBuildFile; fileRef = 78B95F662C2EF5BD00FD733F /* AddTaskViewUITests.swift */; };
		78B95F692C2F4AD500FD733F /* ContentViewTests.swift in Sources */ = {isa = PBXBuildFile; fileRef = 78B95F682C2F4AD500FD733F /* ContentViewTests.swift */; };
		78C3619A2BEA8F0A00DE087C /* LocalNotifManager.swift in Sources */ = {isa = PBXBuildFile; fileRef = 78C361992BEA8F0A00DE087C /* LocalNotifManager.swift */; };
		78C5F4072BFFA928004A18CD /* AddTaskView-ViewModel.swift in Sources */ = {isa = PBXBuildFile; fileRef = 78C5F4062BFFA928004A18CD /* AddTaskView-ViewModel.swift */; };
/* End PBXBuildFile section */

/* Begin PBXContainerItemProxy section */
		785DD7442C1E0BEE00E21F7A /* PBXContainerItemProxy */ = {
			isa = PBXContainerItemProxy;
			containerPortal = 78868FBC2BE43FDE0054D378 /* Project object */;
			proxyType = 1;
			remoteGlobalIDString = 78868FC32BE43FDE0054D378;
			remoteInfo = ToDo;
		};
		785DD7582C1E47B000E21F7A /* PBXContainerItemProxy */ = {
			isa = PBXContainerItemProxy;
			containerPortal = 78868FBC2BE43FDE0054D378 /* Project object */;
			proxyType = 1;
			remoteGlobalIDString = 78868FC32BE43FDE0054D378;
			remoteInfo = ToDo;
		};
/* End PBXContainerItemProxy section */

/* Begin PBXFileReference section */
		7800CC022BED5DCC00C80ED9 /* LocalNotification.swift */ = {isa = PBXFileReference; lastKnownFileType = sourcecode.swift; path = LocalNotification.swift; sourceTree = "<group>"; };
		7800CC092BF4069D00C80ED9 /* ContentView-ViewModel.swift */ = {isa = PBXFileReference; lastKnownFileType = sourcecode.swift; path = "ContentView-ViewModel.swift"; sourceTree = "<group>"; };
		7856ED5E2BE5730A00F63C49 /* AddTaskView.swift */ = {isa = PBXFileReference; lastKnownFileType = sourcecode.swift; path = AddTaskView.swift; sourceTree = "<group>"; };
		785DD7402C1E0BEE00E21F7A /* ToDoTests.xctest */ = {isa = PBXFileReference; explicitFileType = wrapper.cfbundle; includeInIndex = 0; path = ToDoTests.xctest; sourceTree = BUILT_PRODUCTS_DIR; };
		785DD7422C1E0BEE00E21F7A /* ToDoTests.swift */ = {isa = PBXFileReference; lastKnownFileType = sourcecode.swift; path = ToDoTests.swift; sourceTree = "<group>"; };
		785DD74B2C1E10EE00E21F7A /* MockContainer.swift */ = {isa = PBXFileReference; lastKnownFileType = sourcecode.swift; path = MockContainer.swift; sourceTree = "<group>"; };
		785DD7522C1E47B000E21F7A /* ToDoUITests.xctest */ = {isa = PBXFileReference; explicitFileType = wrapper.cfbundle; includeInIndex = 0; path = ToDoUITests.xctest; sourceTree = BUILT_PRODUCTS_DIR; };
		785DD7562C1E47B000E21F7A /* ToDoUITestsLaunchTests.swift */ = {isa = PBXFileReference; lastKnownFileType = sourcecode.swift; path = ToDoUITestsLaunchTests.swift; sourceTree = "<group>"; };
		785DD75F2C1E4DE800E21F7A /* ContentViewUITests.swift */ = {isa = PBXFileReference; lastKnownFileType = sourcecode.swift; path = ContentViewUITests.swift; sourceTree = "<group>"; };
		785F3C242C0223AA00DFBF10 /* TaskDetailView-ViewModel.swift */ = {isa = PBXFileReference; lastKnownFileType = sourcecode.swift; path = "TaskDetailView-ViewModel.swift"; sourceTree = "<group>"; };
		786A48752BE7D1FC0077E349 /* TODO.md */ = {isa = PBXFileReference; lastKnownFileType = net.daringfireball.markdown; path = TODO.md; sourceTree = "<group>"; };
		786A48762BE7D8070077E349 /* TaskDetailView.swift */ = {isa = PBXFileReference; lastKnownFileType = sourcecode.swift; path = TaskDetailView.swift; sourceTree = "<group>"; };
		78868FC72BE43FDE0054D378 /* ToDoApp.swift */ = {isa = PBXFileReference; lastKnownFileType = sourcecode.swift; path = ToDoApp.swift; sourceTree = "<group>"; };
		78868FC92BE43FDE0054D378 /* ContentView.swift */ = {isa = PBXFileReference; lastKnownFileType = sourcecode.swift; path = ContentView.swift; sourceTree = "<group>"; };
		78868FCB2BE43FDF0054D378 /* Assets.xcassets */ = {isa = PBXFileReference; lastKnownFileType = folder.assetcatalog; path = Assets.xcassets; sourceTree = "<group>"; };
		78868FCE2BE43FDF0054D378 /* Preview Assets.xcassets */ = {isa = PBXFileReference; lastKnownFileType = folder.assetcatalog; path = "Preview Assets.xcassets"; sourceTree = "<group>"; };
		78868FD72BE449050054D378 /* Task.swift */ = {isa = PBXFileReference; lastKnownFileType = sourcecode.swift; path = Task.swift; sourceTree = "<group>"; };
		78B20E6A2C12412E00A5AB4C /* CalendarOverlayView.swift */ = {isa = PBXFileReference; lastKnownFileType = sourcecode.swift; path = CalendarOverlayView.swift; sourceTree = "<group>"; };
		78B20E6C2C12460600A5AB4C /* CalendarOverlayView-ViewModel.swift */ = {isa = PBXFileReference; lastKnownFileType = sourcecode.swift; path = "CalendarOverlayView-ViewModel.swift"; sourceTree = "<group>"; };
		78B95F632C2B572C00FD733F /* ToDo.app */ = {isa = PBXFileReference; explicitFileType = wrapper.application; includeInIndex = 0; path = ToDo.app; sourceTree = BUILT_PRODUCTS_DIR; };
		78B95F662C2EF5BD00FD733F /* AddTaskViewUITests.swift */ = {isa = PBXFileReference; lastKnownFileType = sourcecode.swift; path = AddTaskViewUITests.swift; sourceTree = "<group>"; };
		78B95F682C2F4AD500FD733F /* ContentViewTests.swift */ = {isa = PBXFileReference; lastKnownFileType = sourcecode.swift; path = ContentViewTests.swift; sourceTree = "<group>"; };
		78C361992BEA8F0A00DE087C /* LocalNotifManager.swift */ = {isa = PBXFileReference; lastKnownFileType = sourcecode.swift; path = LocalNotifManager.swift; sourceTree = "<group>"; };
		78C5F4062BFFA928004A18CD /* AddTaskView-ViewModel.swift */ = {isa = PBXFileReference; lastKnownFileType = sourcecode.swift; path = "AddTaskView-ViewModel.swift"; sourceTree = "<group>"; };
/* End PBXFileReference section */

/* Begin PBXFrameworksBuildPhase section */
		785DD73D2C1E0BEE00E21F7A /* Frameworks */ = {
			isa = PBXFrameworksBuildPhase;
			buildActionMask = 2147483647;
			files = (
			);
			runOnlyForDeploymentPostprocessing = 0;
		};
		785DD74F2C1E47B000E21F7A /* Frameworks */ = {
			isa = PBXFrameworksBuildPhase;
			buildActionMask = 2147483647;
			files = (
			);
			runOnlyForDeploymentPostprocessing = 0;
		};
		78868FC12BE43FDE0054D378 /* Frameworks */ = {
			isa = PBXFrameworksBuildPhase;
			buildActionMask = 2147483647;
			files = (
			);
			runOnlyForDeploymentPostprocessing = 0;
		};
/* End PBXFrameworksBuildPhase section */

/* Begin PBXGroup section */
		7800CC062BF4030C00C80ED9 /* Views */ = {
			isa = PBXGroup;
			children = (
				78868FC92BE43FDE0054D378 /* ContentView.swift */,
				7856ED5E2BE5730A00F63C49 /* AddTaskView.swift */,
				78B20E6A2C12412E00A5AB4C /* CalendarOverlayView.swift */,
				786A48762BE7D8070077E349 /* TaskDetailView.swift */,
			);
			path = Views;
			sourceTree = "<group>";
		};
		7800CC072BF4032C00C80ED9 /* ViewModels */ = {
			isa = PBXGroup;
			children = (
				78B20E6C2C12460600A5AB4C /* CalendarOverlayView-ViewModel.swift */,
				7800CC092BF4069D00C80ED9 /* ContentView-ViewModel.swift */,
				78C5F4062BFFA928004A18CD /* AddTaskView-ViewModel.swift */,
				785F3C242C0223AA00DFBF10 /* TaskDetailView-ViewModel.swift */,
			);
			path = ViewModels;
			sourceTree = "<group>";
		};
		7800CC082BF4033800C80ED9 /* Models */ = {
			isa = PBXGroup;
			children = (
				78C361992BEA8F0A00DE087C /* LocalNotifManager.swift */,
				7800CC022BED5DCC00C80ED9 /* LocalNotification.swift */,
				78868FD72BE449050054D378 /* Task.swift */,
			);
			path = Models;
			sourceTree = "<group>";
		};
		785DD7412C1E0BEE00E21F7A /* ToDoTests */ = {
			isa = PBXGroup;
			children = (
				785DD7422C1E0BEE00E21F7A /* ToDoTests.swift */,
				78B95F682C2F4AD500FD733F /* ContentViewTests.swift */,
				785DD74B2C1E10EE00E21F7A /* MockContainer.swift */,
			);
			path = ToDoTests;
			sourceTree = "<group>";
		};
		785DD7532C1E47B000E21F7A /* ToDoUITests */ = {
			isa = PBXGroup;
			children = (
				785DD7562C1E47B000E21F7A /* ToDoUITestsLaunchTests.swift */,
				78B95F662C2EF5BD00FD733F /* AddTaskViewUITests.swift */,
				785DD75F2C1E4DE800E21F7A /* ContentViewUITests.swift */,
			);
			path = ToDoUITests;
			sourceTree = "<group>";
		};
		78868FBB2BE43FDE0054D378 = {
			isa = PBXGroup;
			children = (
				786A48752BE7D1FC0077E349 /* TODO.md */,
				78868FC62BE43FDE0054D378 /* ToDo */,
				785DD7402C1E0BEE00E21F7A /* ToDoTests.xctest */,
				785DD7412C1E0BEE00E21F7A /* ToDoTests */,
				785DD7522C1E47B000E21F7A /* ToDoUITests.xctest */,
				785DD7532C1E47B000E21F7A /* ToDoUITests */,
				78B95F632C2B572C00FD733F /* ToDo.app */,
			);
			sourceTree = "<group>";
		};
		78868FC62BE43FDE0054D378 /* ToDo */ = {
			isa = PBXGroup;
			children = (
				78868FC72BE43FDE0054D378 /* ToDoApp.swift */,
				7800CC082BF4033800C80ED9 /* Models */,
				7800CC072BF4032C00C80ED9 /* ViewModels */,
				7800CC062BF4030C00C80ED9 /* Views */,
				78868FCB2BE43FDF0054D378 /* Assets.xcassets */,
				78868FCD2BE43FDF0054D378 /* Preview Content */,
			);
			path = ToDo;
			sourceTree = "<group>";
		};
		78868FCD2BE43FDF0054D378 /* Preview Content */ = {
			isa = PBXGroup;
			children = (
				78868FCE2BE43FDF0054D378 /* Preview Assets.xcassets */,
			);
			path = "Preview Content";
			sourceTree = "<group>";
		};
/* End PBXGroup section */

/* Begin PBXNativeTarget section */
		785DD73F2C1E0BEE00E21F7A /* ToDoTests */ = {
			isa = PBXNativeTarget;
			buildConfigurationList = 785DD7462C1E0BEE00E21F7A /* Build configuration list for PBXNativeTarget "ToDoTests" */;
			buildPhases = (
				785DD73C2C1E0BEE00E21F7A /* Sources */,
				785DD73D2C1E0BEE00E21F7A /* Frameworks */,
				785DD73E2C1E0BEE00E21F7A /* Resources */,
			);
			buildRules = (
			);
			dependencies = (
				785DD7452C1E0BEE00E21F7A /* PBXTargetDependency */,
			);
			name = ToDoTests;
			productName = ToDoTests;
			productReference = 785DD7402C1E0BEE00E21F7A /* ToDoTests.xctest */;
			productType = "com.apple.product-type.bundle.unit-test";
		};
		785DD7512C1E47B000E21F7A /* ToDoUITests */ = {
			isa = PBXNativeTarget;
			buildConfigurationList = 785DD75A2C1E47B000E21F7A /* Build configuration list for PBXNativeTarget "ToDoUITests" */;
			buildPhases = (
				785DD74E2C1E47B000E21F7A /* Sources */,
				785DD74F2C1E47B000E21F7A /* Frameworks */,
				785DD7502C1E47B000E21F7A /* Resources */,
			);
			buildRules = (
			);
			dependencies = (
				785DD7592C1E47B000E21F7A /* PBXTargetDependency */,
			);
			name = ToDoUITests;
			productName = ToDoUITests;
			productReference = 785DD7522C1E47B000E21F7A /* ToDoUITests.xctest */;
			productType = "com.apple.product-type.bundle.ui-testing";
		};
		78868FC32BE43FDE0054D378 /* ToDo */ = {
			isa = PBXNativeTarget;
			buildConfigurationList = 78868FD22BE43FDF0054D378 /* Build configuration list for PBXNativeTarget "ToDo" */;
			buildPhases = (
				78868FC02BE43FDE0054D378 /* Sources */,
				78868FC12BE43FDE0054D378 /* Frameworks */,
				78868FC22BE43FDE0054D378 /* Resources */,
			);
			buildRules = (
			);
			dependencies = (
			);
			name = ToDo;
			productName = ToDo;
			productReference = 78B95F632C2B572C00FD733F /* ToDo.app */;
			productType = "com.apple.product-type.application";
		};
/* End PBXNativeTarget section */

/* Begin PBXProject section */
		78868FBC2BE43FDE0054D378 /* Project object */ = {
			isa = PBXProject;
			attributes = {
				BuildIndependentTargetsInParallel = 1;
				LastSwiftUpdateCheck = 1540;
				LastUpgradeCheck = 1530;
				TargetAttributes = {
					785DD73F2C1E0BEE00E21F7A = {
						CreatedOnToolsVersion = 15.4;
						TestTargetID = 78868FC32BE43FDE0054D378;
					};
					785DD7512C1E47B000E21F7A = {
						CreatedOnToolsVersion = 15.4;
						TestTargetID = 78868FC32BE43FDE0054D378;
					};
					78868FC32BE43FDE0054D378 = {
						CreatedOnToolsVersion = 15.3;
					};
				};
			};
			buildConfigurationList = 78868FBF2BE43FDE0054D378 /* Build configuration list for PBXProject "ToDo" */;
			compatibilityVersion = "Xcode 14.0";
			developmentRegion = en;
			hasScannedForEncodings = 0;
			knownRegions = (
				en,
				Base,
			);
			mainGroup = 78868FBB2BE43FDE0054D378;
			productRefGroup = 78868FBB2BE43FDE0054D378;
			projectDirPath = "";
			projectRoot = "";
			targets = (
				78868FC32BE43FDE0054D378 /* ToDo */,
				785DD73F2C1E0BEE00E21F7A /* ToDoTests */,
				785DD7512C1E47B000E21F7A /* ToDoUITests */,
			);
		};
/* End PBXProject section */

/* Begin PBXResourcesBuildPhase section */
		785DD73E2C1E0BEE00E21F7A /* Resources */ = {
			isa = PBXResourcesBuildPhase;
			buildActionMask = 2147483647;
			files = (
			);
			runOnlyForDeploymentPostprocessing = 0;
		};
		785DD7502C1E47B000E21F7A /* Resources */ = {
			isa = PBXResourcesBuildPhase;
			buildActionMask = 2147483647;
			files = (
			);
			runOnlyForDeploymentPostprocessing = 0;
		};
		78868FC22BE43FDE0054D378 /* Resources */ = {
			isa = PBXResourcesBuildPhase;
			buildActionMask = 2147483647;
			files = (
				78868FCF2BE43FDF0054D378 /* Preview Assets.xcassets in Resources */,
				78868FCC2BE43FDF0054D378 /* Assets.xcassets in Resources */,
			);
			runOnlyForDeploymentPostprocessing = 0;
		};
/* End PBXResourcesBuildPhase section */

/* Begin PBXSourcesBuildPhase section */
		785DD73C2C1E0BEE00E21F7A /* Sources */ = {
			isa = PBXSourcesBuildPhase;
			buildActionMask = 2147483647;
			files = (
				785DD74D2C1E117C00E21F7A /* Task.swift in Sources */,
				785DD7432C1E0BEE00E21F7A /* ToDoTests.swift in Sources */,
				78B95F692C2F4AD500FD733F /* ContentViewTests.swift in Sources */,
				785DD74C2C1E10EE00E21F7A /* MockContainer.swift in Sources */,
			);
			runOnlyForDeploymentPostprocessing = 0;
		};
		785DD74E2C1E47B000E21F7A /* Sources */ = {
			isa = PBXSourcesBuildPhase;
			buildActionMask = 2147483647;
			files = (
				785DD7602C1E4DE800E21F7A /* ContentViewUITests.swift in Sources */,
				785DD7572C1E47B000E21F7A /* ToDoUITestsLaunchTests.swift in Sources */,
				78B95F672C2EF5BD00FD733F /* AddTaskViewUITests.swift in Sources */,
			);
			runOnlyForDeploymentPostprocessing = 0;
		};
		78868FC02BE43FDE0054D378 /* Sources */ = {
			isa = PBXSourcesBuildPhase;
			buildActionMask = 2147483647;
			files = (
				78868FCA2BE43FDE0054D378 /* ContentView.swift in Sources */,
				78868FD82BE449050054D378 /* Task.swift in Sources */,
				78B20E6D2C12460600A5AB4C /* CalendarOverlayView-ViewModel.swift in Sources */,
				78868FC82BE43FDE0054D378 /* ToDoApp.swift in Sources */,
				7856ED5F2BE5730A00F63C49 /* AddTaskView.swift in Sources */,
				7800CC032BED5DCC00C80ED9 /* LocalNotification.swift in Sources */,
				7800CC0A2BF4069D00C80ED9 /* ContentView-ViewModel.swift in Sources */,
				78C3619A2BEA8F0A00DE087C /* LocalNotifManager.swift in Sources */,
				785F3C252C0223AA00DFBF10 /* TaskDetailView-ViewModel.swift in Sources */,
				78B20E6B2C12412E00A5AB4C /* CalendarOverlayView.swift in Sources */,
				78C5F4072BFFA928004A18CD /* AddTaskView-ViewModel.swift in Sources */,
				786A48772BE7D8070077E349 /* TaskDetailView.swift in Sources */,
			);
			runOnlyForDeploymentPostprocessing = 0;
		};
/* End PBXSourcesBuildPhase section */

/* Begin PBXTargetDependency section */
		785DD7452C1E0BEE00E21F7A /* PBXTargetDependency */ = {
			isa = PBXTargetDependency;
			target = 78868FC32BE43FDE0054D378 /* ToDo */;
			targetProxy = 785DD7442C1E0BEE00E21F7A /* PBXContainerItemProxy */;
		};
		785DD7592C1E47B000E21F7A /* PBXTargetDependency */ = {
			isa = PBXTargetDependency;
			target = 78868FC32BE43FDE0054D378 /* ToDo */;
			targetProxy = 785DD7582C1E47B000E21F7A /* PBXContainerItemProxy */;
		};
/* End PBXTargetDependency section */

/* Begin XCBuildConfiguration section */
		785DD7472C1E0BEE00E21F7A /* Debug */ = {
			isa = XCBuildConfiguration;
			buildSettings = {
				BUNDLE_LOADER = "$(TEST_HOST)";
				CODE_SIGN_STYLE = Automatic;
				CURRENT_PROJECT_VERSION = 1;
				DEVELOPMENT_TEAM = SCBCLHJ36K;
				GENERATE_INFOPLIST_FILE = YES;
				IPHONEOS_DEPLOYMENT_TARGET = 17.5;
				MARKETING_VERSION = 1.0;
				PRODUCT_BUNDLE_IDENTIFIER = me.Laurente.Igor.ToDoTests;
				PRODUCT_NAME = "$(TARGET_NAME)";
				SWIFT_EMIT_LOC_STRINGS = NO;
				SWIFT_VERSION = 5.0;
				TARGETED_DEVICE_FAMILY = "1,2";
				TEST_HOST = "$(BUILT_PRODUCTS_DIR)/ToDo.app/$(BUNDLE_EXECUTABLE_FOLDER_PATH)/ToDo";
			};
			name = Debug;
		};
		785DD7482C1E0BEE00E21F7A /* Release */ = {
			isa = XCBuildConfiguration;
			buildSettings = {
				BUNDLE_LOADER = "$(TEST_HOST)";
				CODE_SIGN_STYLE = Automatic;
				CURRENT_PROJECT_VERSION = 1;
				DEVELOPMENT_TEAM = SCBCLHJ36K;
				GENERATE_INFOPLIST_FILE = YES;
				IPHONEOS_DEPLOYMENT_TARGET = 17.5;
				MARKETING_VERSION = 1.0;
				PRODUCT_BUNDLE_IDENTIFIER = me.Laurente.Igor.ToDoTests;
				PRODUCT_NAME = "$(TARGET_NAME)";
				SWIFT_EMIT_LOC_STRINGS = NO;
				SWIFT_VERSION = 5.0;
				TARGETED_DEVICE_FAMILY = "1,2";
				TEST_HOST = "$(BUILT_PRODUCTS_DIR)/ToDo.app/$(BUNDLE_EXECUTABLE_FOLDER_PATH)/ToDo";
			};
			name = Release;
		};
		785DD75B2C1E47B000E21F7A /* Debug */ = {
			isa = XCBuildConfiguration;
			buildSettings = {
				CODE_SIGN_STYLE = Automatic;
				CURRENT_PROJECT_VERSION = 1;
				DEVELOPMENT_TEAM = SCBCLHJ36K;
				GENERATE_INFOPLIST_FILE = YES;
				IPHONEOS_DEPLOYMENT_TARGET = 17.5;
				MARKETING_VERSION = 1.0;
				PRODUCT_BUNDLE_IDENTIFIER = me.Laurente.Igor.ToDoUITests;
				PRODUCT_NAME = "$(TARGET_NAME)";
				SWIFT_EMIT_LOC_STRINGS = NO;
				SWIFT_VERSION = 5.0;
				TARGETED_DEVICE_FAMILY = "1,2";
				TEST_TARGET_NAME = ToDo;
			};
			name = Debug;
		};
		785DD75C2C1E47B000E21F7A /* Release */ = {
			isa = XCBuildConfiguration;
			buildSettings = {
				CODE_SIGN_STYLE = Automatic;
				CURRENT_PROJECT_VERSION = 1;
				DEVELOPMENT_TEAM = SCBCLHJ36K;
				GENERATE_INFOPLIST_FILE = YES;
				IPHONEOS_DEPLOYMENT_TARGET = 17.5;
				MARKETING_VERSION = 1.0;
				PRODUCT_BUNDLE_IDENTIFIER = me.Laurente.Igor.ToDoUITests;
				PRODUCT_NAME = "$(TARGET_NAME)";
				SWIFT_EMIT_LOC_STRINGS = NO;
				SWIFT_VERSION = 5.0;
				TARGETED_DEVICE_FAMILY = "1,2";
				TEST_TARGET_NAME = ToDo;
			};
			name = Release;
		};
		78868FD02BE43FDF0054D378 /* Debug */ = {
			isa = XCBuildConfiguration;
			buildSettings = {
				ALWAYS_SEARCH_USER_PATHS = NO;
				ASSETCATALOG_COMPILER_GENERATE_SWIFT_ASSET_SYMBOL_EXTENSIONS = YES;
				CLANG_ANALYZER_NONNULL = YES;
				CLANG_ANALYZER_NUMBER_OBJECT_CONVERSION = YES_AGGRESSIVE;
				CLANG_CXX_LANGUAGE_STANDARD = "gnu++20";
				CLANG_ENABLE_MODULES = YES;
				CLANG_ENABLE_OBJC_ARC = YES;
				CLANG_ENABLE_OBJC_WEAK = YES;
				CLANG_WARN_BLOCK_CAPTURE_AUTORELEASING = YES;
				CLANG_WARN_BOOL_CONVERSION = YES;
				CLANG_WARN_COMMA = YES;
				CLANG_WARN_CONSTANT_CONVERSION = YES;
				CLANG_WARN_DEPRECATED_OBJC_IMPLEMENTATIONS = YES;
				CLANG_WARN_DIRECT_OBJC_ISA_USAGE = YES_ERROR;
				CLANG_WARN_DOCUMENTATION_COMMENTS = YES;
				CLANG_WARN_EMPTY_BODY = YES;
				CLANG_WARN_ENUM_CONVERSION = YES;
				CLANG_WARN_INFINITE_RECURSION = YES;
				CLANG_WARN_INT_CONVERSION = YES;
				CLANG_WARN_NON_LITERAL_NULL_CONVERSION = YES;
				CLANG_WARN_OBJC_IMPLICIT_RETAIN_SELF = YES;
				CLANG_WARN_OBJC_LITERAL_CONVERSION = YES;
				CLANG_WARN_OBJC_ROOT_CLASS = YES_ERROR;
				CLANG_WARN_QUOTED_INCLUDE_IN_FRAMEWORK_HEADER = YES;
				CLANG_WARN_RANGE_LOOP_ANALYSIS = YES;
				CLANG_WARN_STRICT_PROTOTYPES = YES;
				CLANG_WARN_SUSPICIOUS_MOVE = YES;
				CLANG_WARN_UNGUARDED_AVAILABILITY = YES_AGGRESSIVE;
				CLANG_WARN_UNREACHABLE_CODE = YES;
				CLANG_WARN__DUPLICATE_METHOD_MATCH = YES;
				COPY_PHASE_STRIP = NO;
				DEBUG_INFORMATION_FORMAT = dwarf;
				ENABLE_STRICT_OBJC_MSGSEND = YES;
				ENABLE_TESTABILITY = YES;
				ENABLE_USER_SCRIPT_SANDBOXING = YES;
				GCC_C_LANGUAGE_STANDARD = gnu17;
				GCC_DYNAMIC_NO_PIC = NO;
				GCC_NO_COMMON_BLOCKS = YES;
				GCC_OPTIMIZATION_LEVEL = 0;
				GCC_PREPROCESSOR_DEFINITIONS = (
					"DEBUG=1",
					"$(inherited)",
				);
				GCC_WARN_64_TO_32_BIT_CONVERSION = YES;
				GCC_WARN_ABOUT_RETURN_TYPE = YES_ERROR;
				GCC_WARN_UNDECLARED_SELECTOR = YES;
				GCC_WARN_UNINITIALIZED_AUTOS = YES_AGGRESSIVE;
				GCC_WARN_UNUSED_FUNCTION = YES;
				GCC_WARN_UNUSED_VARIABLE = YES;
				IPHONEOS_DEPLOYMENT_TARGET = 17.4;
				LOCALIZATION_PREFERS_STRING_CATALOGS = YES;
				MTL_ENABLE_DEBUG_INFO = INCLUDE_SOURCE;
				MTL_FAST_MATH = YES;
				ONLY_ACTIVE_ARCH = YES;
				SDKROOT = iphoneos;
				SWIFT_ACTIVE_COMPILATION_CONDITIONS = "DEBUG $(inherited)";
				SWIFT_OPTIMIZATION_LEVEL = "-Onone";
			};
			name = Debug;
		};
		78868FD12BE43FDF0054D378 /* Release */ = {
			isa = XCBuildConfiguration;
			buildSettings = {
				ALWAYS_SEARCH_USER_PATHS = NO;
				ASSETCATALOG_COMPILER_GENERATE_SWIFT_ASSET_SYMBOL_EXTENSIONS = YES;
				CLANG_ANALYZER_NONNULL = YES;
				CLANG_ANALYZER_NUMBER_OBJECT_CONVERSION = YES_AGGRESSIVE;
				CLANG_CXX_LANGUAGE_STANDARD = "gnu++20";
				CLANG_ENABLE_MODULES = YES;
				CLANG_ENABLE_OBJC_ARC = YES;
				CLANG_ENABLE_OBJC_WEAK = YES;
				CLANG_WARN_BLOCK_CAPTURE_AUTORELEASING = YES;
				CLANG_WARN_BOOL_CONVERSION = YES;
				CLANG_WARN_COMMA = YES;
				CLANG_WARN_CONSTANT_CONVERSION = YES;
				CLANG_WARN_DEPRECATED_OBJC_IMPLEMENTATIONS = YES;
				CLANG_WARN_DIRECT_OBJC_ISA_USAGE = YES_ERROR;
				CLANG_WARN_DOCUMENTATION_COMMENTS = YES;
				CLANG_WARN_EMPTY_BODY = YES;
				CLANG_WARN_ENUM_CONVERSION = YES;
				CLANG_WARN_INFINITE_RECURSION = YES;
				CLANG_WARN_INT_CONVERSION = YES;
				CLANG_WARN_NON_LITERAL_NULL_CONVERSION = YES;
				CLANG_WARN_OBJC_IMPLICIT_RETAIN_SELF = YES;
				CLANG_WARN_OBJC_LITERAL_CONVERSION = YES;
				CLANG_WARN_OBJC_ROOT_CLASS = YES_ERROR;
				CLANG_WARN_QUOTED_INCLUDE_IN_FRAMEWORK_HEADER = YES;
				CLANG_WARN_RANGE_LOOP_ANALYSIS = YES;
				CLANG_WARN_STRICT_PROTOTYPES = YES;
				CLANG_WARN_SUSPICIOUS_MOVE = YES;
				CLANG_WARN_UNGUARDED_AVAILABILITY = YES_AGGRESSIVE;
				CLANG_WARN_UNREACHABLE_CODE = YES;
				CLANG_WARN__DUPLICATE_METHOD_MATCH = YES;
				COPY_PHASE_STRIP = NO;
				DEBUG_INFORMATION_FORMAT = "dwarf-with-dsym";
				ENABLE_NS_ASSERTIONS = NO;
				ENABLE_STRICT_OBJC_MSGSEND = YES;
				ENABLE_USER_SCRIPT_SANDBOXING = YES;
				GCC_C_LANGUAGE_STANDARD = gnu17;
				GCC_NO_COMMON_BLOCKS = YES;
				GCC_WARN_64_TO_32_BIT_CONVERSION = YES;
				GCC_WARN_ABOUT_RETURN_TYPE = YES_ERROR;
				GCC_WARN_UNDECLARED_SELECTOR = YES;
				GCC_WARN_UNINITIALIZED_AUTOS = YES_AGGRESSIVE;
				GCC_WARN_UNUSED_FUNCTION = YES;
				GCC_WARN_UNUSED_VARIABLE = YES;
				IPHONEOS_DEPLOYMENT_TARGET = 17.4;
				LOCALIZATION_PREFERS_STRING_CATALOGS = YES;
				MTL_ENABLE_DEBUG_INFO = NO;
				MTL_FAST_MATH = YES;
				SDKROOT = iphoneos;
				SWIFT_COMPILATION_MODE = wholemodule;
				VALIDATE_PRODUCT = YES;
			};
			name = Release;
		};
		78868FD32BE43FDF0054D378 /* Debug */ = {
			isa = XCBuildConfiguration;
			buildSettings = {
				ASSETCATALOG_COMPILER_APPICON_NAME = AppIcon;
				ASSETCATALOG_COMPILER_GLOBAL_ACCENT_COLOR_NAME = AccentColor;
				CODE_SIGN_STYLE = Automatic;
				CURRENT_PROJECT_VERSION = 1;
				DEVELOPMENT_ASSET_PATHS = "\"ToDo/Preview Content\"";
				DEVELOPMENT_TEAM = SCBCLHJ36K;
				ENABLE_PREVIEWS = YES;
				GENERATE_INFOPLIST_FILE = YES;
				INFOPLIST_KEY_UIApplicationSceneManifest_Generation = YES;
				INFOPLIST_KEY_UIApplicationSupportsIndirectInputEvents = YES;
				INFOPLIST_KEY_UILaunchScreen_Generation = YES;
				INFOPLIST_KEY_UISupportedInterfaceOrientations_iPad = "UIInterfaceOrientationPortrait UIInterfaceOrientationPortraitUpsideDown UIInterfaceOrientationLandscapeLeft UIInterfaceOrientationLandscapeRight";
				INFOPLIST_KEY_UISupportedInterfaceOrientations_iPhone = "UIInterfaceOrientationPortrait UIInterfaceOrientationLandscapeLeft UIInterfaceOrientationLandscapeRight";
				LD_RUNPATH_SEARCH_PATHS = (
					"$(inherited)",
					"@executable_path/Frameworks",
				);
				MARKETING_VERSION = 1.0;
				PRODUCT_BUNDLE_IDENTIFIER = me.Laurente.Igor.ToDo;
				PRODUCT_NAME = "$(TARGET_NAME)";
				SWIFT_EMIT_LOC_STRINGS = YES;
				SWIFT_VERSION = 5.0;
				TARGETED_DEVICE_FAMILY = "1,2";
			};
			name = Debug;
		};
		78868FD42BE43FDF0054D378 /* Release */ = {
			isa = XCBuildConfiguration;
			buildSettings = {
				ASSETCATALOG_COMPILER_APPICON_NAME = AppIcon;
				ASSETCATALOG_COMPILER_GLOBAL_ACCENT_COLOR_NAME = AccentColor;
				CODE_SIGN_STYLE = Automatic;
				CURRENT_PROJECT_VERSION = 1;
				DEVELOPMENT_ASSET_PATHS = "\"ToDo/Preview Content\"";
				DEVELOPMENT_TEAM = SCBCLHJ36K;
				ENABLE_PREVIEWS = YES;
				GENERATE_INFOPLIST_FILE = YES;
				INFOPLIST_KEY_UIApplicationSceneManifest_Generation = YES;
				INFOPLIST_KEY_UIApplicationSupportsIndirectInputEvents = YES;
				INFOPLIST_KEY_UILaunchScreen_Generation = YES;
				INFOPLIST_KEY_UISupportedInterfaceOrientations_iPad = "UIInterfaceOrientationPortrait UIInterfaceOrientationPortraitUpsideDown UIInterfaceOrientationLandscapeLeft UIInterfaceOrientationLandscapeRight";
				INFOPLIST_KEY_UISupportedInterfaceOrientations_iPhone = "UIInterfaceOrientationPortrait UIInterfaceOrientationLandscapeLeft UIInterfaceOrientationLandscapeRight";
				LD_RUNPATH_SEARCH_PATHS = (
					"$(inherited)",
					"@executable_path/Frameworks",
				);
				MARKETING_VERSION = 1.0;
				PRODUCT_BUNDLE_IDENTIFIER = me.Laurente.Igor.ToDo;
				PRODUCT_NAME = "$(TARGET_NAME)";
				SWIFT_EMIT_LOC_STRINGS = YES;
				SWIFT_VERSION = 5.0;
				TARGETED_DEVICE_FAMILY = "1,2";
			};
			name = Release;
		};
/* End XCBuildConfiguration section */

/* Begin XCConfigurationList section */
		785DD7462C1E0BEE00E21F7A /* Build configuration list for PBXNativeTarget "ToDoTests" */ = {
			isa = XCConfigurationList;
			buildConfigurations = (
				785DD7472C1E0BEE00E21F7A /* Debug */,
				785DD7482C1E0BEE00E21F7A /* Release */,
			);
			defaultConfigurationIsVisible = 0;
			defaultConfigurationName = Release;
		};
		785DD75A2C1E47B000E21F7A /* Build configuration list for PBXNativeTarget "ToDoUITests" */ = {
			isa = XCConfigurationList;
			buildConfigurations = (
				785DD75B2C1E47B000E21F7A /* Debug */,
				785DD75C2C1E47B000E21F7A /* Release */,
			);
			defaultConfigurationIsVisible = 0;
			defaultConfigurationName = Release;
		};
		78868FBF2BE43FDE0054D378 /* Build configuration list for PBXProject "ToDo" */ = {
			isa = XCConfigurationList;
			buildConfigurations = (
				78868FD02BE43FDF0054D378 /* Debug */,
				78868FD12BE43FDF0054D378 /* Release */,
			);
			defaultConfigurationIsVisible = 0;
			defaultConfigurationName = Release;
		};
		78868FD22BE43FDF0054D378 /* Build configuration list for PBXNativeTarget "ToDo" */ = {
			isa = XCConfigurationList;
			buildConfigurations = (
				78868FD32BE43FDF0054D378 /* Debug */,
				78868FD42BE43FDF0054D378 /* Release */,
			);
			defaultConfigurationIsVisible = 0;
			defaultConfigurationName = Release;
		};
/* End XCConfigurationList section */
	};
	rootObject = 78868FBC2BE43FDE0054D378 /* Project object */;
}
